{
  "nodes": {
    "nixpkgs": {
      "locked": {
        "lastModified": 1780400585,
        "narHash": "sha256-QGbXhs6gSMg8w+kNco0UY5RVX0V1GWy+B/HGGPfU3dY=",
        "owner": "NixOS",
        "repo": "nixpkgs",
        "rev": "7fdb15681cb5daa386e25abe7ce611d2744ecc83",
        "type": "github"
      },
      "original": {
        "owner": "NixOS",
        "ref": "release-26.05",
        "repo": "nixpkgs",
        "type": "github"
      }
    },
    "pgactiveSrc": {
      "flake": false,
      "locked": {
        "lastModified": 1780065418,
        "narHash": "sha256-utxv9WSX/uhME7TDRa8UrKyz9ttGpAimlNUtcnk7mmo=",
        "owner": "aws",
        "repo": "pgactive",
        "rev": "cd7f726b6efd1500bd0211813a4325e895bcdcf2",
        "type": "github"
      },
      "original": {
        "owner": "aws",
        "repo": "pgactive",
        "type": "github"
      }
    },
    "root": {
      "inputs": {
        "nixpkgs": "nixpkgs",
        "pgactiveSrc": "pgactiveSrc"
      }
    }
  },
  "root": "root",
  "version": 7
}
